<?xml version="1.0" encoding="utf-8"?>
<Project ToolsVersion="16.0" xmlns="http://schemas.microsoft.com/developer/msbuild/2003">
  <ItemGroup>
    <CustomBuild Include="C:\Build\lab 3.2\CMakeFiles\f905ba6ebbba1116f95cc38145450082\generate.stamp.rule">
      <Filter>CMake Rules</Filter>
    </CustomBuild>
  </ItemGroup>
  <ItemGroup>
    <Filter Include="CMake Rules">
      <UniqueIdentifier>{48E54EAA-E43A-3E4A-9DBA-B35383816C40}</UniqueIdentifier>
    </Filter>
  </ItemGroup>
</Project>
